
Microsoft Visual Studio Solution File, Format Version 12.00
# Visual Studio Version 16
VisualStudioVersion = 16.0.29926.136
MinimumVisualStudioVersion = 10.0.40219.1
Project("{FAE04EC0-301F-11D3-BF4B-00C04F79EFBC}") = "BSPlaylistInstaller", "BSPlaylistInstaller\BSPlaylistInstaller.csproj", "{4A4E6F5E-5571-4008-B805-1C22747DB9FF}"
EndProject
Global
	GlobalSection(SolutionConfigurationPlatforms) = preSolution
		Debug|Any CPU = Debug|Any CPU
		Release|Any CPU = Release|Any CPU
	EndGlobalSection
	GlobalSection(ProjectConfigurationPlatforms) = postSolution
		{4A4E6F5E-5571-4008-B805-1C22747DB9FF}.Debug|Any CPU.ActiveCfg = Debug|Any CPU
		{4A4E6F5E-5571-4008-B805-1C22747DB9FF}.Debug|Any CPU.Build.0 = Debug|Any CPU
		{4A4E6F5E-5571-4008-B805-1C22747DB9FF}.Release|Any CPU.ActiveCfg = Release|Any CPU
		{4A4E6F5E-5571-4008-B805-1C22747DB9FF}.Release|Any CPU.Build.0 = Release|Any CPU
	EndGlobalSection
	GlobalSection(SolutionProperties) = preSolution
		HideSolutionNode = FALSE
	EndGlobalSection
	GlobalSection(ExtensibilityGlobals) = postSolution
		SolutionGuid = {0B608809-9EA2-4F72-B3C4-5901613B5B55}
	EndGlobalSection
EndGlobal
